
Microsoft Visual Studio Solution File, Format Version 12.00
# Visual Studio Version 17
VisualStudioVersion = 17.5.002.0
MinimumVisualStudioVersion = 10.0.40219.1
Project("{9A19103F-16F7-4668-BE54-9A1E7A4F7556}") = "turnstile", "turnstile.csproj", "{FEC55CC1-220C-40D9-AA16-269EA8BF9677}"
EndProject
Global
	GlobalSection(SolutionConfigurationPlatforms) = preSolution
		Debug|Any CPU = Debug|Any CPU
		Release|Any CPU = Release|Any CPU
	EndGlobalSection
	GlobalSection(ProjectConfigurationPlatforms) = postSolution
		{FEC55CC1-220C-40D9-AA16-269EA8BF9677}.Debug|Any CPU.ActiveCfg = Debug|Any CPU
		{FEC55CC1-220C-40D9-AA16-269EA8BF9677}.Debug|Any CPU.Build.0 = Debug|Any CPU
		{FEC55CC1-220C-40D9-AA16-269EA8BF9677}.Release|Any CPU.ActiveCfg = Release|Any CPU
		{FEC55CC1-220C-40D9-AA16-269EA8BF9677}.Release|Any CPU.Build.0 = Release|Any CPU
	EndGlobalSection
	GlobalSection(SolutionProperties) = preSolution
		HideSolutionNode = FALSE
	EndGlobalSection
	GlobalSection(ExtensibilityGlobals) = postSolution
		SolutionGuid = {78420C0F-2B17-4AA0-BC4D-51A2C21ED1EE}
	EndGlobalSection
EndGlobal
